
Microsoft Visual Studio Solution File, Format Version 12.00
# Visual Studio Version 16
VisualStudioVersion = 16.0.31025.194
MinimumVisualStudioVersion = 10.0.40219.1
Project("{FAE04EC0-301F-11D3-BF4B-00C04F79EFBC}") = "OefeningenInterfaces", "OefeningenInterfaces\OefeningenInterfaces.csproj", "{1867E93C-35E2-4D48-9691-D187B1070336}"
EndProject
Project("{FAE04EC0-301F-11D3-BF4B-00C04F79EFBC}") = "Game", "Game\Game.csproj", "{1A325954-0B35-4F4B-A50B-69EAB6E7659A}"
EndProject
Global
	GlobalSection(SolutionConfigurationPlatforms) = preSolution
		Debug|Any CPU = Debug|Any CPU
		Release|Any CPU = Release|Any CPU
	EndGlobalSection
	GlobalSection(ProjectConfigurationPlatforms) = postSolution
		{1867E93C-35E2-4D48-9691-D187B1070336}.Debug|Any CPU.ActiveCfg = Debug|Any CPU
		{1867E93C-35E2-4D48-9691-D187B1070336}.Debug|Any CPU.Build.0 = Debug|Any CPU
		{1867E93C-35E2-4D48-9691-D187B1070336}.Release|Any CPU.ActiveCfg = Release|Any CPU
		{1867E93C-35E2-4D48-9691-D187B1070336}.Release|Any CPU.Build.0 = Release|Any CPU
		{1A325954-0B35-4F4B-A50B-69EAB6E7659A}.Debug|Any CPU.ActiveCfg = Debug|Any CPU
		{1A325954-0B35-4F4B-A50B-69EAB6E7659A}.Debug|Any CPU.Build.0 = Debug|Any CPU
		{1A325954-0B35-4F4B-A50B-69EAB6E7659A}.Release|Any CPU.ActiveCfg = Release|Any CPU
		{1A325954-0B35-4F4B-A50B-69EAB6E7659A}.Release|Any CPU.Build.0 = Release|Any CPU
	EndGlobalSection
	GlobalSection(SolutionProperties) = preSolution
		HideSolutionNode = FALSE
	EndGlobalSection
	GlobalSection(ExtensibilityGlobals) = postSolution
		SolutionGuid = {220D4253-9F05-431B-95DD-B0FB57800B81}
	EndGlobalSection
EndGlobal
